// !$*UTF8*$!
{
	archiveVersion = 1;
	classes = {
	};
	objectVersion = 56;
	objects = {

/* Begin PBXBuildFile section */
		AD1B9F132A5E3FE8004582B5 /* Inspection.swift in Sources */ = {isa = PBXBuildFile; fileRef = AD1B9F122A5E3FE8004582B5 /* Inspection.swift */; };
		AD1B9F152A5E4103004582B5 /* Inspectable+Model.swift in Sources */ = {isa = PBXBuildFile; fileRef = AD1B9F142A5E4103004582B5 /* Inspectable+Model.swift */; };
		AD48C0232A55AF53001BBE95 /* LocationViewModelTests.swift in Sources */ = {isa = PBXBuildFile; fileRef = AD48C0222A55AF53001BBE95 /* LocationViewModelTests.swift */; };
		AD48C0252A55D32A001BBE95 /* Settings.bundle in Resources */ = {isa = PBXBuildFile; fileRef = AD48C0242A55D32A001BBE95 /* Settings.bundle */; };
		AD517A6A2A2AC12800BDC415 /* LocationViewModel.swift in Sources */ = {isa = PBXBuildFile; fileRef = AD517A692A2AC12800BDC415 /* LocationViewModel.swift */; };
		AD58CFC42A26522F00154EDF /* EntomologyApp.swift in Sources */ = {isa = PBXBuildFile; fileRef = AD58CFC32A26522F00154EDF /* EntomologyApp.swift */; };
		AD58CFC62A26522F00154EDF /* ContentView.swift in Sources */ = {isa = PBXBuildFile; fileRef = AD58CFC52A26522F00154EDF /* ContentView.swift */; };
		AD58CFC82A26523200154EDF /* Assets.xcassets in Resources */ = {isa = PBXBuildFile; fileRef = AD58CFC72A26523200154EDF /* Assets.xcassets */; };
		AD58CFCB2A26523200154EDF /* Preview Assets.xcassets in Resources */ = {isa = PBXBuildFile; fileRef = AD58CFCA2A26523200154EDF /* Preview Assets.xcassets */; };
		AD58CFCD2A26523200154EDF /* CoreDataProvider.swift in Sources */ = {isa = PBXBuildFile; fileRef = AD58CFCC2A26523200154EDF /* CoreDataProvider.swift */; };
		AD58CFD02A26523200154EDF /* Entomology.xcdatamodeld in Sources */ = {isa = PBXBuildFile; fileRef = AD58CFCE2A26523200154EDF /* Entomology.xcdatamodeld */; };
		AD58CFE42A26523300154EDF /* EntomologyUITests.swift in Sources */ = {isa = PBXBuildFile; fileRef = AD58CFE32A26523300154EDF /* EntomologyUITests.swift */; };
		AD58CFE62A26523300154EDF /* EntomologyUITestsLaunchTests.swift in Sources */ = {isa = PBXBuildFile; fileRef = AD58CFE52A26523300154EDF /* EntomologyUITestsLaunchTests.swift */; };
		AD58CFFF2A2655CF00154EDF /* Roboto-Regular.ttf in Resources */ = {isa = PBXBuildFile; fileRef = AD58CFF32A2655CE00154EDF /* Roboto-Regular.ttf */; };
		AD58D0002A2655CF00154EDF /* Roboto-Thin.ttf in Resources */ = {isa = PBXBuildFile; fileRef = AD58CFF42A2655CF00154EDF /* Roboto-Thin.ttf */; };
		AD58D0012A2655CF00154EDF /* Roboto-Italic.ttf in Resources */ = {isa = PBXBuildFile; fileRef = AD58CFF52A2655CF00154EDF /* Roboto-Italic.ttf */; };
		AD58D0022A2655CF00154EDF /* Roboto-Bold.ttf in Resources */ = {isa = PBXBuildFile; fileRef = AD58CFF62A2655CF00154EDF /* Roboto-Bold.ttf */; };
		AD58D0032A2655CF00154EDF /* Roboto-Light.ttf in Resources */ = {isa = PBXBuildFile; fileRef = AD58CFF72A2655CF00154EDF /* Roboto-Light.ttf */; };
		AD58D0042A2655CF00154EDF /* Roboto-ThinItalic.ttf in Resources */ = {isa = PBXBuildFile; fileRef = AD58CFF82A2655CF00154EDF /* Roboto-ThinItalic.ttf */; };
		AD58D0052A2655CF00154EDF /* Roboto-Black.ttf in Resources */ = {isa = PBXBuildFile; fileRef = AD58CFF92A2655CF00154EDF /* Roboto-Black.ttf */; };
		AD58D0062A2655CF00154EDF /* Roboto-BlackItalic.ttf in Resources */ = {isa = PBXBuildFile; fileRef = AD58CFFA2A2655CF00154EDF /* Roboto-BlackItalic.ttf */; };
		AD58D0072A2655CF00154EDF /* Roboto-MediumItalic.ttf in Resources */ = {isa = PBXBuildFile; fileRef = AD58CFFB2A2655CF00154EDF /* Roboto-MediumItalic.ttf */; };
		AD58D0082A2655CF00154EDF /* Roboto-Medium.ttf in Resources */ = {isa = PBXBuildFile; fileRef = AD58CFFC2A2655CF00154EDF /* Roboto-Medium.ttf */; };
		AD58D0092A2655CF00154EDF /* Roboto-BoldItalic.ttf in Resources */ = {isa = PBXBuildFile; fileRef = AD58CFFD2A2655CF00154EDF /* Roboto-BoldItalic.ttf */; };
		AD58D00A2A2655CF00154EDF /* Roboto-LightItalic.ttf in Resources */ = {isa = PBXBuildFile; fileRef = AD58CFFE2A2655CF00154EDF /* Roboto-LightItalic.ttf */; };
		AD58D0102A26591500154EDF /* SplashView.swift in Sources */ = {isa = PBXBuildFile; fileRef = AD58D00F2A26591500154EDF /* SplashView.swift */; };
		AD58D0122A265B3100154EDF /* View.swift in Sources */ = {isa = PBXBuildFile; fileRef = AD58D0112A265B3100154EDF /* View.swift */; };
		AD58D0152A2665A100154EDF /* MaterialStyle.swift in Sources */ = {isa = PBXBuildFile; fileRef = AD58D0142A2665A100154EDF /* MaterialStyle.swift */; };
		AD58D0182A26B40C00154EDF /* RegisterUserView.swift in Sources */ = {isa = PBXBuildFile; fileRef = AD58D0172A26B40C00154EDF /* RegisterUserView.swift */; };
		AD58D01A2A27E40100154EDF /* UserProfileImageView.swift in Sources */ = {isa = PBXBuildFile; fileRef = AD58D0192A27E40100154EDF /* UserProfileImageView.swift */; };
		AD58D01C2A27F57400154EDF /* ImagePicker.swift in Sources */ = {isa = PBXBuildFile; fileRef = AD58D01B2A27F57400154EDF /* ImagePicker.swift */; };
		AD58D0212A28FF8100154EDF /* ViewRouter.swift in Sources */ = {isa = PBXBuildFile; fileRef = AD58D0202A28FF8100154EDF /* ViewRouter.swift */; };
		AD58D0242A2972EB00154EDF /* ModelEntity.swift in Sources */ = {isa = PBXBuildFile; fileRef = AD58D0232A2972EB00154EDF /* ModelEntity.swift */; };
		AD58D0262A29791E00154EDF /* Entomologist.swift in Sources */ = {isa = PBXBuildFile; fileRef = AD58D0252A29791E00154EDF /* Entomologist.swift */; };
		AD58D0282A29BBC800154EDF /* Insect.swift in Sources */ = {isa = PBXBuildFile; fileRef = AD58D0272A29BBC800154EDF /* Insect.swift */; };
		AD58D02A2A29BDE300154EDF /* GeoLocation.swift in Sources */ = {isa = PBXBuildFile; fileRef = AD58D0292A29BDE300154EDF /* GeoLocation.swift */; };
		AD5C03E22A3C7E3B00F3FB29 /* NSSet+Extensions.swift in Sources */ = {isa = PBXBuildFile; fileRef = AD5C03E12A3C7E3B00F3FB29 /* NSSet+Extensions.swift */; };
		AD642A862A32742700181622 /* InsectFormView.swift in Sources */ = {isa = PBXBuildFile; fileRef = AD642A852A32742700181622 /* InsectFormView.swift */; };
		AD642A882A3277BD00181622 /* PhotoSource.swift in Sources */ = {isa = PBXBuildFile; fileRef = AD642A872A3277BD00181622 /* PhotoSource.swift */; };
		AD642A8A2A32D9CE00181622 /* CountRecord.swift in Sources */ = {isa = PBXBuildFile; fileRef = AD642A892A32D9CE00181622 /* CountRecord.swift */; };
		AD642A8C2A330A9A00181622 /* InsectCountRecordView.swift in Sources */ = {isa = PBXBuildFile; fileRef = AD642A8B2A330A9A00181622 /* InsectCountRecordView.swift */; };
		AD642A902A3BE89D00181622 /* HomeViewUITests.swift in Sources */ = {isa = PBXBuildFile; fileRef = AD642A8F2A3BE89D00181622 /* HomeViewUITests.swift */; };
		AD642A932A3BEA0600181622 /* UITestingHelper.swift in Sources */ = {isa = PBXBuildFile; fileRef = AD642A922A3BEA0600181622 /* UITestingHelper.swift */; };
		AD642A962A3C14E900181622 /* MockDataSource.swift in Sources */ = {isa = PBXBuildFile; fileRef = AD642A952A3C14E900181622 /* MockDataSource.swift */; };
		AD8E22902A437778009AD822 /* CardCountRecord.swift in Sources */ = {isa = PBXBuildFile; fileRef = AD8E228F2A437778009AD822 /* CardCountRecord.swift */; };
		AD8E22922A437839009AD822 /* InsectDetailCard.swift in Sources */ = {isa = PBXBuildFile; fileRef = AD8E22912A437839009AD822 /* InsectDetailCard.swift */; };
		ADA563D82A4DDF44009595B1 /* CountRecordModel.swift in Sources */ = {isa = PBXBuildFile; fileRef = ADA563D72A4DDF44009595B1 /* CountRecordModel.swift */; };
		ADA563DA2A4DE1BB009595B1 /* EntomologistModel.swift in Sources */ = {isa = PBXBuildFile; fileRef = ADA563D92A4DE1BB009595B1 /* EntomologistModel.swift */; };
		ADA563DC2A4DE1C5009595B1 /* InsectModel.swift in Sources */ = {isa = PBXBuildFile; fileRef = ADA563DB2A4DE1C5009595B1 /* InsectModel.swift */; };
		ADB6F0772A2E7AD7009294CF /* CoreDataModel.swift in Sources */ = {isa = PBXBuildFile; fileRef = ADB6F0762A2E7AD7009294CF /* CoreDataModel.swift */; };
		ADB6F0792A2E89F7009294CF /* HomeView.swift in Sources */ = {isa = PBXBuildFile; fileRef = ADB6F0782A2E89F7009294CF /* HomeView.swift */; };
		ADB6F0802A2F27D5009294CF /* MaterialButton.swift in Sources */ = {isa = PBXBuildFile; fileRef = ADB6F07F2A2F27D5009294CF /* MaterialButton.swift */; };
		ADB6F0822A2F292D009294CF /* InsectCard.swift in Sources */ = {isa = PBXBuildFile; fileRef = ADB6F0812A2F292D009294CF /* InsectCard.swift */; };
		ADB6F0842A2F29A6009294CF /* MaterialFabButton.swift in Sources */ = {isa = PBXBuildFile; fileRef = ADB6F0832A2F29A6009294CF /* MaterialFabButton.swift */; };
		ADB6F0862A2F3751009294CF /* AppData.swift in Sources */ = {isa = PBXBuildFile; fileRef = ADB6F0852A2F3751009294CF /* AppData.swift */; };
		ADD401402A44D4A700453B9C /* InsectCountRecordViewTests.swift in Sources */ = {isa = PBXBuildFile; fileRef = ADD4013F2A44D4A700453B9C /* InsectCountRecordViewTests.swift */; };
		ADD4A4862A300D1B000A3BE5 /* InsectDetailView.swift in Sources */ = {isa = PBXBuildFile; fileRef = ADD4A4852A300D1B000A3BE5 /* InsectDetailView.swift */; };
		ADD4A4882A3024C3000A3BE5 /* EntomologistViewModel.swift in Sources */ = {isa = PBXBuildFile; fileRef = ADD4A4872A3024C3000A3BE5 /* EntomologistViewModel.swift */; };
		ADF0AA262A547555009DF10F /* GeoLocate.swift in Sources */ = {isa = PBXBuildFile; fileRef = ADF0AA252A547555009DF10F /* GeoLocate.swift */; };
		ADF53ACF2A5DDFE100ACA1A9 /* InsectCountRecordViewTests.swift in Sources */ = {isa = PBXBuildFile; fileRef = ADF53ACE2A5DDFE100ACA1A9 /* InsectCountRecordViewTests.swift */; };
		ADF53AD52A5DF69300ACA1A9 /* ViewInspector in Frameworks */ = {isa = PBXBuildFile; productRef = ADF53AD42A5DF69300ACA1A9 /* ViewInspector */; };
/* End PBXBuildFile section */

/* Begin PBXContainerItemProxy section */
		AD58CFD62A26523300154EDF /* PBXContainerItemProxy */ = {
			isa = PBXContainerItemProxy;
			containerPortal = AD58CFB82A26522F00154EDF /* Project object */;
			proxyType = 1;
			remoteGlobalIDString = AD58CFBF2A26522F00154EDF;
			remoteInfo = Entomology;
		};
		AD58CFE02A26523300154EDF /* PBXContainerItemProxy */ = {
			isa = PBXContainerItemProxy;
			containerPortal = AD58CFB82A26522F00154EDF /* Project object */;
			proxyType = 1;
			remoteGlobalIDString = AD58CFBF2A26522F00154EDF;
			remoteInfo = Entomology;
		};
/* End PBXContainerItemProxy section */

/* Begin PBXFileReference section */
		AD1B9F122A5E3FE8004582B5 /* Inspection.swift */ = {isa = PBXFileReference; lastKnownFileType = sourcecode.swift; path = Inspection.swift; sourceTree = "<group>"; };
		AD1B9F142A5E4103004582B5 /* Inspectable+Model.swift */ = {isa = PBXFileReference; lastKnownFileType = sourcecode.swift; path = "Inspectable+Model.swift"; sourceTree = "<group>"; };
		AD48C0222A55AF53001BBE95 /* LocationViewModelTests.swift */ = {isa = PBXFileReference; lastKnownFileType = sourcecode.swift; path = LocationViewModelTests.swift; sourceTree = "<group>"; };
		AD48C0242A55D32A001BBE95 /* Settings.bundle */ = {isa = PBXFileReference; lastKnownFileType = "wrapper.plug-in"; path = Settings.bundle; sourceTree = "<group>"; };
		AD517A692A2AC12800BDC415 /* LocationViewModel.swift */ = {isa = PBXFileReference; lastKnownFileType = sourcecode.swift; path = LocationViewModel.swift; sourceTree = "<group>"; };
		AD58CFC02A26522F00154EDF /* Entomology.app */ = {isa = PBXFileReference; explicitFileType = wrapper.application; includeInIndex = 0; path = Entomology.app; sourceTree = BUILT_PRODUCTS_DIR; };
		AD58CFC32A26522F00154EDF /* EntomologyApp.swift */ = {isa = PBXFileReference; lastKnownFileType = sourcecode.swift; path = EntomologyApp.swift; sourceTree = "<group>"; };
		AD58CFC52A26522F00154EDF /* ContentView.swift */ = {isa = PBXFileReference; lastKnownFileType = sourcecode.swift; path = ContentView.swift; sourceTree = "<group>"; };
		AD58CFC72A26523200154EDF /* Assets.xcassets */ = {isa = PBXFileReference; lastKnownFileType = folder.assetcatalog; path = Assets.xcassets; sourceTree = "<group>"; };
		AD58CFCA2A26523200154EDF /* Preview Assets.xcassets */ = {isa = PBXFileReference; lastKnownFileType = folder.assetcatalog; path = "Preview Assets.xcassets"; sourceTree = "<group>"; };
		AD58CFCC2A26523200154EDF /* CoreDataProvider.swift */ = {isa = PBXFileReference; lastKnownFileType = sourcecode.swift; path = CoreDataProvider.swift; sourceTree = "<group>"; };
		AD58CFCF2A26523200154EDF /* Entomology.xcdatamodel */ = {isa = PBXFileReference; lastKnownFileType = wrapper.xcdatamodel; path = Entomology.xcdatamodel; sourceTree = "<group>"; };
		AD58CFD52A26523300154EDF /* EntomologyTests.xctest */ = {isa = PBXFileReference; explicitFileType = wrapper.cfbundle; includeInIndex = 0; path = EntomologyTests.xctest; sourceTree = BUILT_PRODUCTS_DIR; };
		AD58CFDF2A26523300154EDF /* EntomologyUITests.xctest */ = {isa = PBXFileReference; explicitFileType = wrapper.cfbundle; includeInIndex = 0; path = EntomologyUITests.xctest; sourceTree = BUILT_PRODUCTS_DIR; };
		AD58CFE32A26523300154EDF /* EntomologyUITests.swift */ = {isa = PBXFileReference; lastKnownFileType = sourcecode.swift; path = EntomologyUITests.swift; sourceTree = "<group>"; };
		AD58CFE52A26523300154EDF /* EntomologyUITestsLaunchTests.swift */ = {isa = PBXFileReference; lastKnownFileType = sourcecode.swift; path = EntomologyUITestsLaunchTests.swift; sourceTree = "<group>"; };
		AD58CFF32A2655CE00154EDF /* Roboto-Regular.ttf */ = {isa = PBXFileReference; lastKnownFileType = file; path = "Roboto-Regular.ttf"; sourceTree = "<group>"; };
		AD58CFF42A2655CF00154EDF /* Roboto-Thin.ttf */ = {isa = PBXFileReference; lastKnownFileType = file; path = "Roboto-Thin.ttf"; sourceTree = "<group>"; };
		AD58CFF52A2655CF00154EDF /* Roboto-Italic.ttf */ = {isa = PBXFileReference; lastKnownFileType = file; path = "Roboto-Italic.ttf"; sourceTree = "<group>"; };
		AD58CFF62A2655CF00154EDF /* Roboto-Bold.ttf */ = {isa = PBXFileReference; lastKnownFileType = file; path = "Roboto-Bold.ttf"; sourceTree = "<group>"; };
		AD58CFF72A2655CF00154EDF /* Roboto-Light.ttf */ = {isa = PBXFileReference; lastKnownFileType = file; path = "Roboto-Light.ttf"; sourceTree = "<group>"; };
		AD58CFF82A2655CF00154EDF /* Roboto-ThinItalic.ttf */ = {isa = PBXFileReference; lastKnownFileType = file; path = "Roboto-ThinItalic.ttf"; sourceTree = "<group>"; };
		AD58CFF92A2655CF00154EDF /* Roboto-Black.ttf */ = {isa = PBXFileReference; lastKnownFileType = file; path = "Roboto-Black.ttf"; sourceTree = "<group>"; };
		AD58CFFA2A2655CF00154EDF /* Roboto-BlackItalic.ttf */ = {isa = PBXFileReference; lastKnownFileType = file; path = "Roboto-BlackItalic.ttf"; sourceTree = "<group>"; };
		AD58CFFB2A2655CF00154EDF /* Roboto-MediumItalic.ttf */ = {isa = PBXFileReference; lastKnownFileType = file; path = "Roboto-MediumItalic.ttf"; sourceTree = "<group>"; };
		AD58CFFC2A2655CF00154EDF /* Roboto-Medium.ttf */ = {isa = PBXFileReference; lastKnownFileType = file; path = "Roboto-Medium.ttf"; sourceTree = "<group>"; };
		AD58CFFD2A2655CF00154EDF /* Roboto-BoldItalic.ttf */ = {isa = PBXFileReference; lastKnownFileType = file; path = "Roboto-BoldItalic.ttf"; sourceTree = "<group>"; };
		AD58CFFE2A2655CF00154EDF /* Roboto-LightItalic.ttf */ = {isa = PBXFileReference; lastKnownFileType = file; path = "Roboto-LightItalic.ttf"; sourceTree = "<group>"; };
		AD58D00F2A26591500154EDF /* SplashView.swift */ = {isa = PBXFileReference; lastKnownFileType = sourcecode.swift; path = SplashView.swift; sourceTree = "<group>"; };
		AD58D0112A265B3100154EDF /* View.swift */ = {isa = PBXFileReference; lastKnownFileType = sourcecode.swift; path = View.swift; sourceTree = "<group>"; };
		AD58D0142A2665A100154EDF /* MaterialStyle.swift */ = {isa = PBXFileReference; lastKnownFileType = sourcecode.swift; path = MaterialStyle.swift; sourceTree = "<group>"; };
		AD58D0162A2665E100154EDF /* Info.plist */ = {isa = PBXFileReference; lastKnownFileType = text.plist; path = Info.plist; sourceTree = "<group>"; };
		AD58D0172A26B40C00154EDF /* RegisterUserView.swift */ = {isa = PBXFileReference; lastKnownFileType = sourcecode.swift; path = RegisterUserView.swift; sourceTree = "<group>"; };
		AD58D0192A27E40100154EDF /* UserProfileImageView.swift */ = {isa = PBXFileReference; lastKnownFileType = sourcecode.swift; path = UserProfileImageView.swift; sourceTree = "<group>"; };
		AD58D01B2A27F57400154EDF /* ImagePicker.swift */ = {isa = PBXFileReference; lastKnownFileType = sourcecode.swift; path = ImagePicker.swift; sourceTree = "<group>"; };
		AD58D0202A28FF8100154EDF /* ViewRouter.swift */ = {isa = PBXFileReference; lastKnownFileType = sourcecode.swift; path = ViewRouter.swift; sourceTree = "<group>"; };
		AD58D0232A2972EB00154EDF /* ModelEntity.swift */ = {isa = PBXFileReference; lastKnownFileType = sourcecode.swift; path = ModelEntity.swift; sourceTree = "<group>"; };
		AD58D0252A29791E00154EDF /* Entomologist.swift */ = {isa = PBXFileReference; lastKnownFileType = sourcecode.swift; path = Entomologist.swift; sourceTree = "<group>"; };
		AD58D0272A29BBC800154EDF /* Insect.swift */ = {isa = PBXFileReference; lastKnownFileType = sourcecode.swift; path = Insect.swift; sourceTree = "<group>"; };
		AD58D0292A29BDE300154EDF /* GeoLocation.swift */ = {isa = PBXFileReference; lastKnownFileType = sourcecode.swift; path = GeoLocation.swift; sourceTree = "<group>"; };
		AD5C03E12A3C7E3B00F3FB29 /* NSSet+Extensions.swift */ = {isa = PBXFileReference; lastKnownFileType = sourcecode.swift; path = "NSSet+Extensions.swift"; sourceTree = "<group>"; };
		AD642A852A32742700181622 /* InsectFormView.swift */ = {isa = PBXFileReference; lastKnownFileType = sourcecode.swift; path = InsectFormView.swift; sourceTree = "<group>"; };
		AD642A872A3277BD00181622 /* PhotoSource.swift */ = {isa = PBXFileReference; lastKnownFileType = sourcecode.swift; path = PhotoSource.swift; sourceTree = "<group>"; };
		AD642A892A32D9CE00181622 /* CountRecord.swift */ = {isa = PBXFileReference; lastKnownFileType = sourcecode.swift; path = CountRecord.swift; sourceTree = "<group>"; };
		AD642A8B2A330A9A00181622 /* InsectCountRecordView.swift */ = {isa = PBXFileReference; lastKnownFileType = sourcecode.swift; path = InsectCountRecordView.swift; sourceTree = "<group>"; };
		AD642A8F2A3BE89D00181622 /* HomeViewUITests.swift */ = {isa = PBXFileReference; lastKnownFileType = sourcecode.swift; path = HomeViewUITests.swift; sourceTree = "<group>"; };
		AD642A922A3BEA0600181622 /* UITestingHelper.swift */ = {isa = PBXFileReference; lastKnownFileType = sourcecode.swift; path = UITestingHelper.swift; sourceTree = "<group>"; };
		AD642A952A3C14E900181622 /* MockDataSource.swift */ = {isa = PBXFileReference; lastKnownFileType = sourcecode.swift; path = MockDataSource.swift; sourceTree = "<group>"; };
		AD8E228F2A437778009AD822 /* CardCountRecord.swift */ = {isa = PBXFileReference; lastKnownFileType = sourcecode.swift; path = CardCountRecord.swift; sourceTree = "<group>"; };
		AD8E22912A437839009AD822 /* InsectDetailCard.swift */ = {isa = PBXFileReference; lastKnownFileType = sourcecode.swift; path = InsectDetailCard.swift; sourceTree = "<group>"; };
		ADA563D72A4DDF44009595B1 /* CountRecordModel.swift */ = {isa = PBXFileReference; lastKnownFileType = sourcecode.swift; path = CountRecordModel.swift; sourceTree = "<group>"; };
		ADA563D92A4DE1BB009595B1 /* EntomologistModel.swift */ = {isa = PBXFileReference; lastKnownFileType = sourcecode.swift; path = EntomologistModel.swift; sourceTree = "<group>"; };
		ADA563DB2A4DE1C5009595B1 /* InsectModel.swift */ = {isa = PBXFileReference; lastKnownFileType = sourcecode.swift; path = InsectModel.swift; sourceTree = "<group>"; };
		ADB6F0762A2E7AD7009294CF /* CoreDataModel.swift */ = {isa = PBXFileReference; lastKnownFileType = sourcecode.swift; path = CoreDataModel.swift; sourceTree = "<group>"; };
		ADB6F0782A2E89F7009294CF /* HomeView.swift */ = {isa = PBXFileReference; lastKnownFileType = sourcecode.swift; path = HomeView.swift; sourceTree = "<group>"; };
		ADB6F07F2A2F27D5009294CF /* MaterialButton.swift */ = {isa = PBXFileReference; lastKnownFileType = sourcecode.swift; path = MaterialButton.swift; sourceTree = "<group>"; };
		ADB6F0812A2F292D009294CF /* InsectCard.swift */ = {isa = PBXFileReference; lastKnownFileType = sourcecode.swift; path = InsectCard.swift; sourceTree = "<group>"; };
		ADB6F0832A2F29A6009294CF /* MaterialFabButton.swift */ = {isa = PBXFileReference; lastKnownFileType = sourcecode.swift; path = MaterialFabButton.swift; sourceTree = "<group>"; };
		ADB6F0852A2F3751009294CF /* AppData.swift */ = {isa = PBXFileReference; lastKnownFileType = sourcecode.swift; path = AppData.swift; sourceTree = "<group>"; };
		ADD4013F2A44D4A700453B9C /* InsectCountRecordViewTests.swift */ = {isa = PBXFileReference; lastKnownFileType = sourcecode.swift; path = InsectCountRecordViewTests.swift; sourceTree = "<group>"; };
		ADD4A4852A300D1B000A3BE5 /* InsectDetailView.swift */ = {isa = PBXFileReference; lastKnownFileType = sourcecode.swift; path = InsectDetailView.swift; sourceTree = "<group>"; };
		ADD4A4872A3024C3000A3BE5 /* EntomologistViewModel.swift */ = {isa = PBXFileReference; lastKnownFileType = sourcecode.swift; path = EntomologistViewModel.swift; sourceTree = "<group>"; };
		ADF0AA252A547555009DF10F /* GeoLocate.swift */ = {isa = PBXFileReference; lastKnownFileType = sourcecode.swift; path = GeoLocate.swift; sourceTree = "<group>"; };
		ADF53ACE2A5DDFE100ACA1A9 /* InsectCountRecordViewTests.swift */ = {isa = PBXFileReference; lastKnownFileType = sourcecode.swift; path = InsectCountRecordViewTests.swift; sourceTree = "<group>"; };
		F5A3EE9B2A58DE2700A7422D /* Entomology.xctestplan */ = {isa = PBXFileReference; lastKnownFileType = text; path = Entomology.xctestplan; sourceTree = "<group>"; };
/* End PBXFileReference section */

/* Begin PBXFrameworksBuildPhase section */
		AD58CFBD2A26522F00154EDF /* Frameworks */ = {
			isa = PBXFrameworksBuildPhase;
			buildActionMask = 2147483647;
			files = (
			);
			runOnlyForDeploymentPostprocessing = 0;
		};
		AD58CFD22A26523300154EDF /* Frameworks */ = {
			isa = PBXFrameworksBuildPhase;
			buildActionMask = 2147483647;
			files = (
				ADF53AD52A5DF69300ACA1A9 /* ViewInspector in Frameworks */,
			);
			runOnlyForDeploymentPostprocessing = 0;
		};
		AD58CFDC2A26523300154EDF /* Frameworks */ = {
			isa = PBXFrameworksBuildPhase;
			buildActionMask = 2147483647;
			files = (
			);
			runOnlyForDeploymentPostprocessing = 0;
		};
/* End PBXFrameworksBuildPhase section */

/* Begin PBXGroup section */
		AD517A682A2AC11800BDC415 /* ViewModels */ = {
			isa = PBXGroup;
			children = (
				AD517A692A2AC12800BDC415 /* LocationViewModel.swift */,
				ADD4A4872A3024C3000A3BE5 /* EntomologistViewModel.swift */,
			);
			path = ViewModels;
			sourceTree = "<group>";
		};
		AD58CFB72A26522F00154EDF = {
			isa = PBXGroup;
			children = (
				F5A3EE9B2A58DE2700A7422D /* Entomology.xctestplan */,
				AD48C0242A55D32A001BBE95 /* Settings.bundle */,
				AD58CFC22A26522F00154EDF /* Entomology */,
				AD58CFD82A26523300154EDF /* EntomologyTests */,
				AD58CFE22A26523300154EDF /* EntomologyUITests */,
				AD58CFC12A26522F00154EDF /* Products */,
			);
			sourceTree = "<group>";
		};
		AD58CFC12A26522F00154EDF /* Products */ = {
			isa = PBXGroup;
			children = (
				AD58CFC02A26522F00154EDF /* Entomology.app */,
				AD58CFD52A26523300154EDF /* EntomologyTests.xctest */,
				AD58CFDF2A26523300154EDF /* EntomologyUITests.xctest */,
			);
			name = Products;
			sourceTree = "<group>";
		};
		AD58CFC22A26522F00154EDF /* Entomology */ = {
			isa = PBXGroup;
			children = (
				AD58D0162A2665E100154EDF /* Info.plist */,
				AD5C03DF2A3C7E1F00F3FB29 /* Extensions */,
				ADC15D6B2A3C1EB30057A0DA /* Configuration */,
				AD642A942A3BEC3900181622 /* Mocks */,
				AD642A912A3BE9ED00181622 /* UITesting */,
				ADD401412A4C926000453B9C /* CoreData */,
				AD58D00C2A2658B100154EDF /* Models */,
				AD517A682A2AC11800BDC415 /* ViewModels */,
				AD58D00E2A2658E500154EDF /* Views */,
				ADCEE75E2A2FC43A00152FB5 /* Providers */,
				AD58D01D2A28FF4D00154EDF /* Routes */,
				AD58D00D2A2658DA00154EDF /* Services */,
				AD58CFF22A26549E00154EDF /* Fonts */,
				AD58CFC32A26522F00154EDF /* EntomologyApp.swift */,
				AD58CFC52A26522F00154EDF /* ContentView.swift */,
				AD58CFC72A26523200154EDF /* Assets.xcassets */,
				AD58CFCE2A26523200154EDF /* Entomology.xcdatamodeld */,
				AD58CFC92A26523200154EDF /* Preview Content */,
			);
			path = Entomology;
			sourceTree = "<group>";
		};
		AD58CFC92A26523200154EDF /* Preview Content */ = {
			isa = PBXGroup;
			children = (
				AD58CFCA2A26523200154EDF /* Preview Assets.xcassets */,
			);
			path = "Preview Content";
			sourceTree = "<group>";
		};
		AD58CFD82A26523300154EDF /* EntomologyTests */ = {
			isa = PBXGroup;
			children = (
				AD48C0222A55AF53001BBE95 /* LocationViewModelTests.swift */,
				ADF53ACE2A5DDFE100ACA1A9 /* InsectCountRecordViewTests.swift */,
				AD1B9F142A5E4103004582B5 /* Inspectable+Model.swift */,
			);
			path = EntomologyTests;
			sourceTree = "<group>";
		};
		AD58CFE22A26523300154EDF /* EntomologyUITests */ = {
			isa = PBXGroup;
			children = (
				AD642A8E2A3BE85400181622 /* Views */,
				AD58CFE32A26523300154EDF /* EntomologyUITests.swift */,
				AD58CFE52A26523300154EDF /* EntomologyUITestsLaunchTests.swift */,
			);
			path = EntomologyUITests;
			sourceTree = "<group>";
		};
		AD58CFF22A26549E00154EDF /* Fonts */ = {
			isa = PBXGroup;
			children = (
				AD58CFF92A2655CF00154EDF /* Roboto-Black.ttf */,
				AD58CFFA2A2655CF00154EDF /* Roboto-BlackItalic.ttf */,
				AD58CFF62A2655CF00154EDF /* Roboto-Bold.ttf */,
				AD58CFFD2A2655CF00154EDF /* Roboto-BoldItalic.ttf */,
				AD58CFF52A2655CF00154EDF /* Roboto-Italic.ttf */,
				AD58CFF72A2655CF00154EDF /* Roboto-Light.ttf */,
				AD58CFFE2A2655CF00154EDF /* Roboto-LightItalic.ttf */,
				AD58CFFC2A2655CF00154EDF /* Roboto-Medium.ttf */,
				AD58CFFB2A2655CF00154EDF /* Roboto-MediumItalic.ttf */,
				AD58CFF32A2655CE00154EDF /* Roboto-Regular.ttf */,
				AD58CFF42A2655CF00154EDF /* Roboto-Thin.ttf */,
				AD58CFF82A2655CF00154EDF /* Roboto-ThinItalic.ttf */,
			);
			path = Fonts;
			sourceTree = "<group>";
		};
		AD58D00C2A2658B100154EDF /* Models */ = {
			isa = PBXGroup;
			children = (
				AD58D0222A2972D600154EDF /* Interfaces */,
				AD58D0292A29BDE300154EDF /* GeoLocation.swift */,
				AD642A872A3277BD00181622 /* PhotoSource.swift */,
				ADA563D72A4DDF44009595B1 /* CountRecordModel.swift */,
				ADA563D92A4DE1BB009595B1 /* EntomologistModel.swift */,
				ADA563DB2A4DE1C5009595B1 /* InsectModel.swift */,
			);
			path = Models;
			sourceTree = "<group>";
		};
		AD58D00D2A2658DA00154EDF /* Services */ = {
			isa = PBXGroup;
			children = (
				AD58D01B2A27F57400154EDF /* ImagePicker.swift */,
			);
			path = Services;
			sourceTree = "<group>";
		};
		AD58D00E2A2658E500154EDF /* Views */ = {
			isa = PBXGroup;
			children = (
				AD58D0132A26618400154EDF /* Extensions */,
				ADB6F07A2A2F278B009294CF /* Components */,
				AD58D00F2A26591500154EDF /* SplashView.swift */,
				AD58D0172A26B40C00154EDF /* RegisterUserView.swift */,
				AD58D0192A27E40100154EDF /* UserProfileImageView.swift */,
				ADB6F0782A2E89F7009294CF /* HomeView.swift */,
				ADD4A4852A300D1B000A3BE5 /* InsectDetailView.swift */,
				AD642A852A32742700181622 /* InsectFormView.swift */,
				AD642A8B2A330A9A00181622 /* InsectCountRecordView.swift */,
			);
			path = Views;
			sourceTree = "<group>";
		};
		AD58D0132A26618400154EDF /* Extensions */ = {
			isa = PBXGroup;
			children = (
				AD58D0112A265B3100154EDF /* View.swift */,
				AD58D0142A2665A100154EDF /* MaterialStyle.swift */,
			);
			path = Extensions;
			sourceTree = "<group>";
		};
		AD58D01D2A28FF4D00154EDF /* Routes */ = {
			isa = PBXGroup;
			children = (
				AD58D0202A28FF8100154EDF /* ViewRouter.swift */,
			);
			path = Routes;
			sourceTree = "<group>";
		};
		AD58D0222A2972D600154EDF /* Interfaces */ = {
			isa = PBXGroup;
			children = (
				AD58D0232A2972EB00154EDF /* ModelEntity.swift */,
			);
			path = Interfaces;
			sourceTree = "<group>";
		};
		AD5C03DF2A3C7E1F00F3FB29 /* Extensions */ = {
			isa = PBXGroup;
			children = (
				AD5C03E12A3C7E3B00F3FB29 /* NSSet+Extensions.swift */,
			);
			path = Extensions;
			sourceTree = "<group>";
		};
		AD642A8E2A3BE85400181622 /* Views */ = {
			isa = PBXGroup;
			children = (
				AD642A8F2A3BE89D00181622 /* HomeViewUITests.swift */,
				ADD4013F2A44D4A700453B9C /* InsectCountRecordViewTests.swift */,
			);
			path = Views;
			sourceTree = "<group>";
		};
		AD642A912A3BE9ED00181622 /* UITesting */ = {
			isa = PBXGroup;
			children = (
				AD642A922A3BEA0600181622 /* UITestingHelper.swift */,
			);
			path = UITesting;
			sourceTree = "<group>";
		};
		AD642A942A3BEC3900181622 /* Mocks */ = {
			isa = PBXGroup;
			children = (
				AD642A952A3C14E900181622 /* MockDataSource.swift */,
			);
			path = Mocks;
			sourceTree = "<group>";
		};
		ADB6F07A2A2F278B009294CF /* Components */ = {
			isa = PBXGroup;
			children = (
				ADB6F07F2A2F27D5009294CF /* MaterialButton.swift */,
				ADB6F0812A2F292D009294CF /* InsectCard.swift */,
				ADB6F0832A2F29A6009294CF /* MaterialFabButton.swift */,
				AD8E228F2A437778009AD822 /* CardCountRecord.swift */,
				AD8E22912A437839009AD822 /* InsectDetailCard.swift */,
			);
			path = Components;
			sourceTree = "<group>";
		};
		ADC15D6B2A3C1EB30057A0DA /* Configuration */ = {
			isa = PBXGroup;
			children = (
				ADB6F0852A2F3751009294CF /* AppData.swift */,
				AD1B9F122A5E3FE8004582B5 /* Inspection.swift */,
			);
			path = Configuration;
			sourceTree = "<group>";
		};
		ADCEE75E2A2FC43A00152FB5 /* Providers */ = {
			isa = PBXGroup;
			children = (
				AD58CFCC2A26523200154EDF /* CoreDataProvider.swift */,
			);
			path = Providers;
			sourceTree = "<group>";
		};
		ADD401412A4C926000453B9C /* CoreData */ = {
			isa = PBXGroup;
			children = (
				ADD401422A4C929D00453B9C /* protocols */,
				AD58D0252A29791E00154EDF /* Entomologist.swift */,
				AD58D0272A29BBC800154EDF /* Insect.swift */,
				AD642A892A32D9CE00181622 /* CountRecord.swift */,
				ADF0AA252A547555009DF10F /* GeoLocate.swift */,
			);
			path = CoreData;
			sourceTree = "<group>";
		};
		ADD401422A4C929D00453B9C /* protocols */ = {
			isa = PBXGroup;
			children = (
				ADB6F0762A2E7AD7009294CF /* CoreDataModel.swift */,
			);
			path = protocols;
			sourceTree = "<group>";
		};
/* End PBXGroup section */

/* Begin PBXNativeTarget section */
		AD58CFBF2A26522F00154EDF /* Entomology */ = {
			isa = PBXNativeTarget;
			buildConfigurationList = AD58CFE92A26523300154EDF /* Build configuration list for PBXNativeTarget "Entomology" */;
			buildPhases = (
				AD58CFBC2A26522F00154EDF /* Sources */,
				AD58CFBD2A26522F00154EDF /* Frameworks */,
				AD58CFBE2A26522F00154EDF /* Resources */,
				AD517A6B2A2B20E300BDC415 /* SwiftLint */,
			);
			buildRules = (
			);
			dependencies = (
			);
			name = Entomology;
			packageProductDependencies = (
			);
			productName = Entomology;
			productReference = AD58CFC02A26522F00154EDF /* Entomology.app */;
			productType = "com.apple.product-type.application";
		};
		AD58CFD42A26523300154EDF /* EntomologyTests */ = {
			isa = PBXNativeTarget;
			buildConfigurationList = AD58CFEC2A26523300154EDF /* Build configuration list for PBXNativeTarget "EntomologyTests" */;
			buildPhases = (
				AD58CFD12A26523300154EDF /* Sources */,
				AD58CFD22A26523300154EDF /* Frameworks */,
				AD58CFD32A26523300154EDF /* Resources */,
			);
			buildRules = (
			);
			dependencies = (
				AD58CFD72A26523300154EDF /* PBXTargetDependency */,
			);
			name = EntomologyTests;
			packageProductDependencies = (
				ADF53AD42A5DF69300ACA1A9 /* ViewInspector */,
			);
			productName = EntomologyTests;
			productReference = AD58CFD52A26523300154EDF /* EntomologyTests.xctest */;
			productType = "com.apple.product-type.bundle.unit-test";
		};
		AD58CFDE2A26523300154EDF /* EntomologyUITests */ = {
			isa = PBXNativeTarget;
			buildConfigurationList = AD58CFEF2A26523300154EDF /* Build configuration list for PBXNativeTarget "EntomologyUITests" */;
			buildPhases = (
				AD58CFDB2A26523300154EDF /* Sources */,
				AD58CFDC2A26523300154EDF /* Frameworks */,
				AD58CFDD2A26523300154EDF /* Resources */,
			);
			buildRules = (
			);
			dependencies = (
				AD58CFE12A26523300154EDF /* PBXTargetDependency */,
			);
			name = EntomologyUITests;
			productName = EntomologyUITests;
			productReference = AD58CFDF2A26523300154EDF /* EntomologyUITests.xctest */;
			productType = "com.apple.product-type.bundle.ui-testing";
		};
/* End PBXNativeTarget section */

/* Begin PBXProject section */
		AD58CFB82A26522F00154EDF /* Project object */ = {
			isa = PBXProject;
			attributes = {
				BuildIndependentTargetsInParallel = 1;
				LastSwiftUpdateCheck = 1430;
				LastUpgradeCheck = 1500;
				TargetAttributes = {
					AD58CFBF2A26522F00154EDF = {
						CreatedOnToolsVersion = 14.3;
					};
					AD58CFD42A26523300154EDF = {
						CreatedOnToolsVersion = 14.3;
						TestTargetID = AD58CFBF2A26522F00154EDF;
					};
					AD58CFDE2A26523300154EDF = {
						CreatedOnToolsVersion = 14.3;
						TestTargetID = AD58CFBF2A26522F00154EDF;
					};
				};
			};
			buildConfigurationList = AD58CFBB2A26522F00154EDF /* Build configuration list for PBXProject "Entomology" */;
			compatibilityVersion = "Xcode 14.0";
			developmentRegion = en;
			hasScannedForEncodings = 0;
			knownRegions = (
				en,
				Base,
			);
			mainGroup = AD58CFB72A26522F00154EDF;
			packageReferences = (
				ADF53AD32A5DF69300ACA1A9 /* XCRemoteSwiftPackageReference "ViewInspector" */,
			);
			productRefGroup = AD58CFC12A26522F00154EDF /* Products */;
			projectDirPath = "";
			projectRoot = "";
			targets = (
				AD58CFBF2A26522F00154EDF /* Entomology */,
				AD58CFD42A26523300154EDF /* EntomologyTests */,
				AD58CFDE2A26523300154EDF /* EntomologyUITests */,
			);
		};
/* End PBXProject section */

/* Begin PBXResourcesBuildPhase section */
		AD58CFBE2A26522F00154EDF /* Resources */ = {
			isa = PBXResourcesBuildPhase;
			buildActionMask = 2147483647;
			files = (
				AD58D0002A2655CF00154EDF /* Roboto-Thin.ttf in Resources */,
				AD58CFFF2A2655CF00154EDF /* Roboto-Regular.ttf in Resources */,
				AD58D00A2A2655CF00154EDF /* Roboto-LightItalic.ttf in Resources */,
				AD58D0022A2655CF00154EDF /* Roboto-Bold.ttf in Resources */,
				AD58D0012A2655CF00154EDF /* Roboto-Italic.ttf in Resources */,
				AD58D0092A2655CF00154EDF /* Roboto-BoldItalic.ttf in Resources */,
				AD58D0042A2655CF00154EDF /* Roboto-ThinItalic.ttf in Resources */,
				AD48C0252A55D32A001BBE95 /* Settings.bundle in Resources */,
				AD58D0052A2655CF00154EDF /* Roboto-Black.ttf in Resources */,
				AD58D0032A2655CF00154EDF /* Roboto-Light.ttf in Resources */,
				AD58D0062A2655CF00154EDF /* Roboto-BlackItalic.ttf in Resources */,
				AD58D0082A2655CF00154EDF /* Roboto-Medium.ttf in Resources */,
				AD58CFCB2A26523200154EDF /* Preview Assets.xcassets in Resources */,
				AD58D0072A2655CF00154EDF /* Roboto-MediumItalic.ttf in Resources */,
				AD58CFC82A26523200154EDF /* Assets.xcassets in Resources */,
			);
			runOnlyForDeploymentPostprocessing = 0;
		};
		AD58CFD32A26523300154EDF /* Resources */ = {
			isa = PBXResourcesBuildPhase;
			buildActionMask = 2147483647;
			files = (
			);
			runOnlyForDeploymentPostprocessing = 0;
		};
		AD58CFDD2A26523300154EDF /* Resources */ = {
			isa = PBXResourcesBuildPhase;
			buildActionMask = 2147483647;
			files = (
			);
			runOnlyForDeploymentPostprocessing = 0;
		};
/* End PBXResourcesBuildPhase section */

/* Begin PBXShellScriptBuildPhase section */
		AD517A6B2A2B20E300BDC415 /* SwiftLint */ = {
			isa = PBXShellScriptBuildPhase;
			buildActionMask = 2147483647;
			files = (
			);
			inputFileListPaths = (
			);
			inputPaths = (
			);
			name = SwiftLint;
			outputFileListPaths = (
			);
			outputPaths = (
			);
			runOnlyForDeploymentPostprocessing = 0;
			shellPath = /bin/sh;
			shellScript = "if [[ \"$(uname -m)\" == arm64 ]]; then\n    export PATH=\"/opt/homebrew/bin:$PATH\"\nfi\n\nif which swiftlint > /dev/null; then\n  swiftlint\nelse\n  echo \"warning: SwiftLint not installed, download from https://github.com/realm/SwiftLint\"\nfi\n";
		};
/* End PBXShellScriptBuildPhase section */

/* Begin PBXSourcesBuildPhase section */
		AD58CFBC2A26522F00154EDF /* Sources */ = {
			isa = PBXSourcesBuildPhase;
			buildActionMask = 2147483647;
			files = (
				AD58D0182A26B40C00154EDF /* RegisterUserView.swift in Sources */,
				ADB6F0862A2F3751009294CF /* AppData.swift in Sources */,
				AD642A862A32742700181622 /* InsectFormView.swift in Sources */,
				AD5C03E22A3C7E3B00F3FB29 /* NSSet+Extensions.swift in Sources */,
				ADF0AA262A547555009DF10F /* GeoLocate.swift in Sources */,
				ADA563DA2A4DE1BB009595B1 /* EntomologistModel.swift in Sources */,
				AD58D0122A265B3100154EDF /* View.swift in Sources */,
				ADB6F0822A2F292D009294CF /* InsectCard.swift in Sources */,
				ADD4A4882A3024C3000A3BE5 /* EntomologistViewModel.swift in Sources */,
				AD642A962A3C14E900181622 /* MockDataSource.swift in Sources */,
				ADA563D82A4DDF44009595B1 /* CountRecordModel.swift in Sources */,
				AD642A8A2A32D9CE00181622 /* CountRecord.swift in Sources */,
				AD58CFD02A26523200154EDF /* Entomology.xcdatamodeld in Sources */,
				AD58CFCD2A26523200154EDF /* CoreDataProvider.swift in Sources */,
				ADA563DC2A4DE1C5009595B1 /* InsectModel.swift in Sources */,
				AD58D0102A26591500154EDF /* SplashView.swift in Sources */,
				AD58D0282A29BBC800154EDF /* Insect.swift in Sources */,
				AD58CFC62A26522F00154EDF /* ContentView.swift in Sources */,
				AD517A6A2A2AC12800BDC415 /* LocationViewModel.swift in Sources */,
				AD58D0262A29791E00154EDF /* Entomologist.swift in Sources */,
				AD642A882A3277BD00181622 /* PhotoSource.swift in Sources */,
				AD642A8C2A330A9A00181622 /* InsectCountRecordView.swift in Sources */,
				AD8E22902A437778009AD822 /* CardCountRecord.swift in Sources */,
				AD58CFC42A26522F00154EDF /* EntomologyApp.swift in Sources */,
				AD58D0212A28FF8100154EDF /* ViewRouter.swift in Sources */,
				ADD4A4862A300D1B000A3BE5 /* InsectDetailView.swift in Sources */,
				AD58D01C2A27F57400154EDF /* ImagePicker.swift in Sources */,
				ADB6F0772A2E7AD7009294CF /* CoreDataModel.swift in Sources */,
				AD8E22922A437839009AD822 /* InsectDetailCard.swift in Sources */,
				ADB6F0842A2F29A6009294CF /* MaterialFabButton.swift in Sources */,
				ADB6F0802A2F27D5009294CF /* MaterialButton.swift in Sources */,
				AD58D01A2A27E40100154EDF /* UserProfileImageView.swift in Sources */,
				AD58D02A2A29BDE300154EDF /* GeoLocation.swift in Sources */,
				AD58D0242A2972EB00154EDF /* ModelEntity.swift in Sources */,
				AD58D0152A2665A100154EDF /* MaterialStyle.swift in Sources */,
				AD642A932A3BEA0600181622 /* UITestingHelper.swift in Sources */,
				ADB6F0792A2E89F7009294CF /* HomeView.swift in Sources */,
				AD1B9F132A5E3FE8004582B5 /* Inspection.swift in Sources */,
			);
			runOnlyForDeploymentPostprocessing = 0;
		};
		AD58CFD12A26523300154EDF /* Sources */ = {
			isa = PBXSourcesBuildPhase;
			buildActionMask = 2147483647;
			files = (
				AD1B9F152A5E4103004582B5 /* Inspectable+Model.swift in Sources */,
				ADF53ACF2A5DDFE100ACA1A9 /* InsectCountRecordViewTests.swift in Sources */,
				AD48C0232A55AF53001BBE95 /* LocationViewModelTests.swift in Sources */,
			);
			runOnlyForDeploymentPostprocessing = 0;
		};
		AD58CFDB2A26523300154EDF /* Sources */ = {
			isa = PBXSourcesBuildPhase;
			buildActionMask = 2147483647;
			files = (
				AD58CFE42A26523300154EDF /* EntomologyUITests.swift in Sources */,
				AD58CFE62A26523300154EDF /* EntomologyUITestsLaunchTests.swift in Sources */,
				ADD401402A44D4A700453B9C /* InsectCountRecordViewTests.swift in Sources */,
				AD642A902A3BE89D00181622 /* HomeViewUITests.swift in Sources */,
			);
			runOnlyForDeploymentPostprocessing = 0;
		};
/* End PBXSourcesBuildPhase section */

/* Begin PBXTargetDependency section */
		AD58CFD72A26523300154EDF /* PBXTargetDependency */ = {
			isa = PBXTargetDependency;
			target = AD58CFBF2A26522F00154EDF /* Entomology */;
			targetProxy = AD58CFD62A26523300154EDF /* PBXContainerItemProxy */;
		};
		AD58CFE12A26523300154EDF /* PBXTargetDependency */ = {
			isa = PBXTargetDependency;
			target = AD58CFBF2A26522F00154EDF /* Entomology */;
			targetProxy = AD58CFE02A26523300154EDF /* PBXContainerItemProxy */;
		};
/* End PBXTargetDependency section */

/* Begin XCBuildConfiguration section */
		AD58CFE72A26523300154EDF /* Debug */ = {
			isa = XCBuildConfiguration;
			buildSettings = {
				ALWAYS_SEARCH_USER_PATHS = NO;
				CLANG_ANALYZER_NONNULL = YES;
				CLANG_ANALYZER_NUMBER_OBJECT_CONVERSION = YES_AGGRESSIVE;
				CLANG_CXX_LANGUAGE_STANDARD = "gnu++20";
				CLANG_ENABLE_MODULES = YES;
				CLANG_ENABLE_OBJC_ARC = YES;
				CLANG_ENABLE_OBJC_WEAK = YES;
				CLANG_WARN_BLOCK_CAPTURE_AUTORELEASING = YES;
				CLANG_WARN_BOOL_CONVERSION = YES;
				CLANG_WARN_COMMA = YES;
				CLANG_WARN_CONSTANT_CONVERSION = YES;
				CLANG_WARN_DEPRECATED_OBJC_IMPLEMENTATIONS = YES;
				CLANG_WARN_DIRECT_OBJC_ISA_USAGE = YES_ERROR;
				CLANG_WARN_DOCUMENTATION_COMMENTS = YES;
				CLANG_WARN_EMPTY_BODY = YES;
				CLANG_WARN_ENUM_CONVERSION = YES;
				CLANG_WARN_INFINITE_RECURSION = YES;
				CLANG_WARN_INT_CONVERSION = YES;
				CLANG_WARN_NON_LITERAL_NULL_CONVERSION = YES;
				CLANG_WARN_OBJC_IMPLICIT_RETAIN_SELF = YES;
				CLANG_WARN_OBJC_LITERAL_CONVERSION = YES;
				CLANG_WARN_OBJC_ROOT_CLASS = YES_ERROR;
				CLANG_WARN_QUOTED_INCLUDE_IN_FRAMEWORK_HEADER = YES;
				CLANG_WARN_RANGE_LOOP_ANALYSIS = YES;
				CLANG_WARN_STRICT_PROTOTYPES = YES;
				CLANG_WARN_SUSPICIOUS_MOVE = YES;
				CLANG_WARN_UNGUARDED_AVAILABILITY = YES_AGGRESSIVE;
				CLANG_WARN_UNREACHABLE_CODE = YES;
				CLANG_WARN__DUPLICATE_METHOD_MATCH = YES;
				COPY_PHASE_STRIP = NO;
				DEBUG_INFORMATION_FORMAT = dwarf;
				ENABLE_STRICT_OBJC_MSGSEND = YES;
				ENABLE_TESTABILITY = YES;
				ENABLE_USER_SCRIPT_SANDBOXING = NO;
				GCC_C_LANGUAGE_STANDARD = gnu11;
				GCC_DYNAMIC_NO_PIC = NO;
				GCC_NO_COMMON_BLOCKS = YES;
				GCC_OPTIMIZATION_LEVEL = 0;
				GCC_PREPROCESSOR_DEFINITIONS = (
					"DEBUG=1",
					"$(inherited)",
				);
				GCC_WARN_64_TO_32_BIT_CONVERSION = YES;
				GCC_WARN_ABOUT_RETURN_TYPE = YES_ERROR;
				GCC_WARN_UNDECLARED_SELECTOR = YES;
				GCC_WARN_UNINITIALIZED_AUTOS = YES_AGGRESSIVE;
				GCC_WARN_UNUSED_FUNCTION = YES;
				GCC_WARN_UNUSED_VARIABLE = YES;
				IPHONEOS_DEPLOYMENT_TARGET = 16.4;
				MTL_ENABLE_DEBUG_INFO = INCLUDE_SOURCE;
				MTL_FAST_MATH = YES;
				ONLY_ACTIVE_ARCH = YES;
				SDKROOT = iphoneos;
				SWIFT_ACTIVE_COMPILATION_CONDITIONS = DEBUG;
				SWIFT_OPTIMIZATION_LEVEL = "-Onone";
			};
			name = Debug;
		};
		AD58CFE82A26523300154EDF /* Release */ = {
			isa = XCBuildConfiguration;
			buildSettings = {
				ALWAYS_SEARCH_USER_PATHS = NO;
				CLANG_ANALYZER_NONNULL = YES;
				CLANG_ANALYZER_NUMBER_OBJECT_CONVERSION = YES_AGGRESSIVE;
				CLANG_CXX_LANGUAGE_STANDARD = "gnu++20";
				CLANG_ENABLE_MODULES = YES;
				CLANG_ENABLE_OBJC_ARC = YES;
				CLANG_ENABLE_OBJC_WEAK = YES;
				CLANG_WARN_BLOCK_CAPTURE_AUTORELEASING = YES;
				CLANG_WARN_BOOL_CONVERSION = YES;
				CLANG_WARN_COMMA = YES;
				CLANG_WARN_CONSTANT_CONVERSION = YES;
				CLANG_WARN_DEPRECATED_OBJC_IMPLEMENTATIONS = YES;
				CLANG_WARN_DIRECT_OBJC_ISA_USAGE = YES_ERROR;
				CLANG_WARN_DOCUMENTATION_COMMENTS = YES;
				CLANG_WARN_EMPTY_BODY = YES;
				CLANG_WARN_ENUM_CONVERSION = YES;
				CLANG_WARN_INFINITE_RECURSION = YES;
				CLANG_WARN_INT_CONVERSION = YES;
				CLANG_WARN_NON_LITERAL_NULL_CONVERSION = YES;
				CLANG_WARN_OBJC_IMPLICIT_RETAIN_SELF = YES;
				CLANG_WARN_OBJC_LITERAL_CONVERSION = YES;
				CLANG_WARN_OBJC_ROOT_CLASS = YES_ERROR;
				CLANG_WARN_QUOTED_INCLUDE_IN_FRAMEWORK_HEADER = YES;
				CLANG_WARN_RANGE_LOOP_ANALYSIS = YES;
				CLANG_WARN_STRICT_PROTOTYPES = YES;
				CLANG_WARN_SUSPICIOUS_MOVE = YES;
				CLANG_WARN_UNGUARDED_AVAILABILITY = YES_AGGRESSIVE;
				CLANG_WARN_UNREACHABLE_CODE = YES;
				CLANG_WARN__DUPLICATE_METHOD_MATCH = YES;
				COPY_PHASE_STRIP = NO;
				DEBUG_INFORMATION_FORMAT = "dwarf-with-dsym";
				ENABLE_NS_ASSERTIONS = NO;
				ENABLE_STRICT_OBJC_MSGSEND = YES;
				ENABLE_USER_SCRIPT_SANDBOXING = NO;
				GCC_C_LANGUAGE_STANDARD = gnu11;
				GCC_NO_COMMON_BLOCKS = YES;
				GCC_WARN_64_TO_32_BIT_CONVERSION = YES;
				GCC_WARN_ABOUT_RETURN_TYPE = YES_ERROR;
				GCC_WARN_UNDECLARED_SELECTOR = YES;
				GCC_WARN_UNINITIALIZED_AUTOS = YES_AGGRESSIVE;
				GCC_WARN_UNUSED_FUNCTION = YES;
				GCC_WARN_UNUSED_VARIABLE = YES;
				IPHONEOS_DEPLOYMENT_TARGET = 16.4;
				MTL_ENABLE_DEBUG_INFO = NO;
				MTL_FAST_MATH = YES;
				SDKROOT = iphoneos;
				SWIFT_COMPILATION_MODE = wholemodule;
				SWIFT_OPTIMIZATION_LEVEL = "-O";
				VALIDATE_PRODUCT = YES;
			};
			name = Release;
		};
		AD58CFEA2A26523300154EDF /* Debug */ = {
			isa = XCBuildConfiguration;
			buildSettings = {
				ASSETCATALOG_COMPILER_APPICON_NAME = AppIcon;
				ASSETCATALOG_COMPILER_GLOBAL_ACCENT_COLOR_NAME = AccentColor;
				CODE_SIGN_STYLE = Automatic;
				CURRENT_PROJECT_VERSION = 1;
				DEVELOPMENT_ASSET_PATHS = "\"Entomology/Preview Content\"";
				DEVELOPMENT_TEAM = B97JTSGWZ2;
				ENABLE_PREVIEWS = YES;
				GENERATE_INFOPLIST_FILE = YES;
				INFOPLIST_FILE = Entomology/Info.plist;
				INFOPLIST_KEY_NSCameraUsageDescription = "Necesitamos acceso a la camara para que puedas tomar fotos";
				INFOPLIST_KEY_NSLocationAlwaysAndWhenInUseUsageDescription = "Necesitamos acceder a tu ubicacion para gestionar los registros";
				INFOPLIST_KEY_NSLocationUsageDescription = "Necesitamos acceso a su localización para poder registrar su ubicación";
				INFOPLIST_KEY_NSLocationWhenInUseUsageDescription = "Neceistamos acceder a su localización para poder gestionar el registro";
				INFOPLIST_KEY_NSPhotoLibraryUsageDescription = "Necesitamos acceso para que puedas seleccionar imagenes de tu dispositivo";
				INFOPLIST_KEY_UIApplicationSceneManifest_Generation = YES;
				INFOPLIST_KEY_UIApplicationSupportsIndirectInputEvents = YES;
				INFOPLIST_KEY_UILaunchScreen_Generation = YES;
				INFOPLIST_KEY_UISupportedInterfaceOrientations = UIInterfaceOrientationPortrait;
				IPHONEOS_DEPLOYMENT_TARGET = 16.4;
				LD_RUNPATH_SEARCH_PATHS = (
					"$(inherited)",
					"@executable_path/Frameworks",
				);
				MARKETING_VERSION = 1.0;
				PRODUCT_BUNDLE_IDENTIFIER = com.shibuyaxpress.Entomology;
				PRODUCT_NAME = "$(TARGET_NAME)";
				SWIFT_EMIT_LOC_STRINGS = YES;
				SWIFT_VERSION = 5.0;
				TARGETED_DEVICE_FAMILY = "1,2";
			};
			name = Debug;
		};
		AD58CFEB2A26523300154EDF /* Release */ = {
			isa = XCBuildConfiguration;
			buildSettings = {
				ASSETCATALOG_COMPILER_APPICON_NAME = AppIcon;
				ASSETCATALOG_COMPILER_GLOBAL_ACCENT_COLOR_NAME = AccentColor;
				CODE_SIGN_STYLE = Automatic;
				CURRENT_PROJECT_VERSION = 1;
				DEVELOPMENT_ASSET_PATHS = "\"Entomology/Preview Content\"";
				DEVELOPMENT_TEAM = B97JTSGWZ2;
				ENABLE_PREVIEWS = YES;
				GENERATE_INFOPLIST_FILE = YES;
				INFOPLIST_FILE = Entomology/Info.plist;
				INFOPLIST_KEY_NSCameraUsageDescription = "Necesitamos acceso a la camara para que puedas tomar fotos";
				INFOPLIST_KEY_NSLocationAlwaysAndWhenInUseUsageDescription = "Necesitamos acceder a tu ubicacion para gestionar los registros";
				INFOPLIST_KEY_NSLocationUsageDescription = "Necesitamos acceso a su localización para poder registrar su ubicación";
				INFOPLIST_KEY_NSLocationWhenInUseUsageDescription = "Neceistamos acceder a su localización para poder gestionar el registro";
				INFOPLIST_KEY_NSPhotoLibraryUsageDescription = "Necesitamos acceso para que puedas seleccionar imagenes de tu dispositivo";
				INFOPLIST_KEY_UIApplicationSceneManifest_Generation = YES;
				INFOPLIST_KEY_UIApplicationSupportsIndirectInputEvents = YES;
				INFOPLIST_KEY_UILaunchScreen_Generation = YES;
				INFOPLIST_KEY_UISupportedInterfaceOrientations = UIInterfaceOrientationPortrait;
				IPHONEOS_DEPLOYMENT_TARGET = 16.4;
				LD_RUNPATH_SEARCH_PATHS = (
					"$(inherited)",
					"@executable_path/Frameworks",
				);
				MARKETING_VERSION = 1.0;
				PRODUCT_BUNDLE_IDENTIFIER = com.shibuyaxpress.Entomology;
				PRODUCT_NAME = "$(TARGET_NAME)";
				SWIFT_EMIT_LOC_STRINGS = YES;
				SWIFT_VERSION = 5.0;
				TARGETED_DEVICE_FAMILY = "1,2";
			};
			name = Release;
		};
		AD58CFED2A26523300154EDF /* Debug */ = {
			isa = XCBuildConfiguration;
			buildSettings = {
				ALWAYS_EMBED_SWIFT_STANDARD_LIBRARIES = YES;
				BUNDLE_LOADER = "$(TEST_HOST)";
				CODE_SIGN_STYLE = Automatic;
				CURRENT_PROJECT_VERSION = 1;
				DEVELOPMENT_TEAM = B97JTSGWZ2;
				GENERATE_INFOPLIST_FILE = YES;
				IPHONEOS_DEPLOYMENT_TARGET = 16.4;
				MARKETING_VERSION = 1.0;
				PRODUCT_BUNDLE_IDENTIFIER = com.shibuyaxpress.EntomologyTests;
				PRODUCT_NAME = "$(TARGET_NAME)";
				SWIFT_EMIT_LOC_STRINGS = NO;
				SWIFT_VERSION = 5.0;
				TARGETED_DEVICE_FAMILY = "1,2";
				TEST_HOST = "$(BUILT_PRODUCTS_DIR)/Entomology.app/$(BUNDLE_EXECUTABLE_FOLDER_PATH)/Entomology";
			};
			name = Debug;
		};
		AD58CFEE2A26523300154EDF /* Release */ = {
			isa = XCBuildConfiguration;
			buildSettings = {
				ALWAYS_EMBED_SWIFT_STANDARD_LIBRARIES = YES;
				BUNDLE_LOADER = "$(TEST_HOST)";
				CODE_SIGN_STYLE = Automatic;
				CURRENT_PROJECT_VERSION = 1;
				DEVELOPMENT_TEAM = B97JTSGWZ2;
				GENERATE_INFOPLIST_FILE = YES;
				IPHONEOS_DEPLOYMENT_TARGET = 16.4;
				MARKETING_VERSION = 1.0;
				PRODUCT_BUNDLE_IDENTIFIER = com.shibuyaxpress.EntomologyTests;
				PRODUCT_NAME = "$(TARGET_NAME)";
				SWIFT_EMIT_LOC_STRINGS = NO;
				SWIFT_VERSION = 5.0;
				TARGETED_DEVICE_FAMILY = "1,2";
				TEST_HOST = "$(BUILT_PRODUCTS_DIR)/Entomology.app/$(BUNDLE_EXECUTABLE_FOLDER_PATH)/Entomology";
			};
			name = Release;
		};
		AD58CFF02A26523300154EDF /* Debug */ = {
			isa = XCBuildConfiguration;
			buildSettings = {
				ALWAYS_EMBED_SWIFT_STANDARD_LIBRARIES = YES;
				CODE_SIGN_STYLE = Automatic;
				CURRENT_PROJECT_VERSION = 1;
				DEVELOPMENT_TEAM = B97JTSGWZ2;
				GENERATE_INFOPLIST_FILE = YES;
				IPHONEOS_DEPLOYMENT_TARGET = 16.4;
				MARKETING_VERSION = 1.0;
				PRODUCT_BUNDLE_IDENTIFIER = com.shibuyaxpress.EntomologyUITests;
				PRODUCT_NAME = "$(TARGET_NAME)";
				SWIFT_EMIT_LOC_STRINGS = NO;
				SWIFT_VERSION = 5.0;
				TARGETED_DEVICE_FAMILY = "1,2";
				TEST_TARGET_NAME = Entomology;
			};
			name = Debug;
		};
		AD58CFF12A26523300154EDF /* Release */ = {
			isa = XCBuildConfiguration;
			buildSettings = {
				ALWAYS_EMBED_SWIFT_STANDARD_LIBRARIES = YES;
				CODE_SIGN_STYLE = Automatic;
				CURRENT_PROJECT_VERSION = 1;
				DEVELOPMENT_TEAM = B97JTSGWZ2;
				GENERATE_INFOPLIST_FILE = YES;
				IPHONEOS_DEPLOYMENT_TARGET = 16.4;
				MARKETING_VERSION = 1.0;
				PRODUCT_BUNDLE_IDENTIFIER = com.shibuyaxpress.EntomologyUITests;
				PRODUCT_NAME = "$(TARGET_NAME)";
				SWIFT_EMIT_LOC_STRINGS = NO;
				SWIFT_VERSION = 5.0;
				TARGETED_DEVICE_FAMILY = "1,2";
				TEST_TARGET_NAME = Entomology;
			};
			name = Release;
		};
/* End XCBuildConfiguration section */

/* Begin XCConfigurationList section */
		AD58CFBB2A26522F00154EDF /* Build configuration list for PBXProject "Entomology" */ = {
			isa = XCConfigurationList;
			buildConfigurations = (
				AD58CFE72A26523300154EDF /* Debug */,
				AD58CFE82A26523300154EDF /* Release */,
			);
			defaultConfigurationIsVisible = 0;
			defaultConfigurationName = Release;
		};
		AD58CFE92A26523300154EDF /* Build configuration list for PBXNativeTarget "Entomology" */ = {
			isa = XCConfigurationList;
			buildConfigurations = (
				AD58CFEA2A26523300154EDF /* Debug */,
				AD58CFEB2A26523300154EDF /* Release */,
			);
			defaultConfigurationIsVisible = 0;
			defaultConfigurationName = Release;
		};
		AD58CFEC2A26523300154EDF /* Build configuration list for PBXNativeTarget "EntomologyTests" */ = {
			isa = XCConfigurationList;
			buildConfigurations = (
				AD58CFED2A26523300154EDF /* Debug */,
				AD58CFEE2A26523300154EDF /* Release */,
			);
			defaultConfigurationIsVisible = 0;
			defaultConfigurationName = Release;
		};
		AD58CFEF2A26523300154EDF /* Build configuration list for PBXNativeTarget "EntomologyUITests" */ = {
			isa = XCConfigurationList;
			buildConfigurations = (
				AD58CFF02A26523300154EDF /* Debug */,
				AD58CFF12A26523300154EDF /* Release */,
			);
			defaultConfigurationIsVisible = 0;
			defaultConfigurationName = Release;
		};
/* End XCConfigurationList section */

/* Begin XCRemoteSwiftPackageReference section */
		ADF53AD32A5DF69300ACA1A9 /* XCRemoteSwiftPackageReference "ViewInspector" */ = {
			isa = XCRemoteSwiftPackageReference;
			repositoryURL = "https://github.com/nalexn/ViewInspector";
			requirement = {
				kind = upToNextMajorVersion;
				minimumVersion = 0.9.7;
			};
		};
/* End XCRemoteSwiftPackageReference section */

/* Begin XCSwiftPackageProductDependency section */
		ADF53AD42A5DF69300ACA1A9 /* ViewInspector */ = {
			isa = XCSwiftPackageProductDependency;
			package = ADF53AD32A5DF69300ACA1A9 /* XCRemoteSwiftPackageReference "ViewInspector" */;
			productName = ViewInspector;
		};
/* End XCSwiftPackageProductDependency section */

/* Begin XCVersionGroup section */
		AD58CFCE2A26523200154EDF /* Entomology.xcdatamodeld */ = {
			isa = XCVersionGroup;
			children = (
				AD58CFCF2A26523200154EDF /* Entomology.xcdatamodel */,
			);
			currentVersion = AD58CFCF2A26523200154EDF /* Entomology.xcdatamodel */;
			path = Entomology.xcdatamodeld;
			sourceTree = "<group>";
			versionGroupType = wrapper.xcdatamodel;
		};
/* End XCVersionGroup section */
	};
	rootObject = AD58CFB82A26522F00154EDF /* Project object */;
}
